// !$*UTF8*$!
{
	archiveVersion = 1;
	classes = {
	};
	objectVersion = 56;
	objects = {

/* Begin PBXBuildFile section */
		1F344B862C89D31F000E1A74 /* AirbnbCloneAppApp.swift in Sources */ = {isa = PBXBuildFile; fileRef = 1F344B852C89D31F000E1A74 /* AirbnbCloneAppApp.swift */; };
		1F344B882C89D31F000E1A74 /* ContentView.swift in Sources */ = {isa = PBXBuildFile; fileRef = 1F344B872C89D31F000E1A74 /* ContentView.swift */; };
		1F344B8A2C89D320000E1A74 /* Assets.xcassets in Resources */ = {isa = PBXBuildFile; fileRef = 1F344B892C89D320000E1A74 /* Assets.xcassets */; };
		1F344B8D2C89D320000E1A74 /* Preview Assets.xcassets in Resources */ = {isa = PBXBuildFile; fileRef = 1F344B8C2C89D320000E1A74 /* Preview Assets.xcassets */; };
		1F344BA02C89D511000E1A74 /* ExploreView.swift in Sources */ = {isa = PBXBuildFile; fileRef = 1F344B9F2C89D511000E1A74 /* ExploreView.swift */; };
		1F344BA22C8B16EB000E1A74 /* ListingItemView.swift in Sources */ = {isa = PBXBuildFile; fileRef = 1F344BA12C8B16EB000E1A74 /* ListingItemView.swift */; };
		1F595E512C8C517700E0AD2F /* SearchAndFilterBar.swift in Sources */ = {isa = PBXBuildFile; fileRef = 1F595E502C8C517700E0AD2F /* SearchAndFilterBar.swift */; };
		1F595E532C8C57EE00E0AD2F /* ListingDetailView.swift in Sources */ = {isa = PBXBuildFile; fileRef = 1F595E522C8C57EE00E0AD2F /* ListingDetailView.swift */; };
		1F595E562C8C588000E0AD2F /* ListingImageCarouselView.swift in Sources */ = {isa = PBXBuildFile; fileRef = 1F595E552C8C588000E0AD2F /* ListingImageCarouselView.swift */; };
/* End PBXBuildFile section */

/* Begin PBXFileReference section */
		1F344B822C89D31F000E1A74 /* AirbnbCloneApp.app */ = {isa = PBXFileReference; explicitFileType = wrapper.application; includeInIndex = 0; path = AirbnbCloneApp.app; sourceTree = BUILT_PRODUCTS_DIR; };
		1F344B852C89D31F000E1A74 /* AirbnbCloneAppApp.swift */ = {isa = PBXFileReference; lastKnownFileType = sourcecode.swift; path = AirbnbCloneAppApp.swift; sourceTree = "<group>"; };
		1F344B872C89D31F000E1A74 /* ContentView.swift */ = {isa = PBXFileReference; lastKnownFileType = sourcecode.swift; path = ContentView.swift; sourceTree = "<group>"; };
		1F344B892C89D320000E1A74 /* Assets.xcassets */ = {isa = PBXFileReference; lastKnownFileType = folder.assetcatalog; path = Assets.xcassets; sourceTree = "<group>"; };
		1F344B8C2C89D320000E1A74 /* Preview Assets.xcassets */ = {isa = PBXFileReference; lastKnownFileType = folder.assetcatalog; path = "Preview Assets.xcassets"; sourceTree = "<group>"; };
		1F344B9F2C89D511000E1A74 /* ExploreView.swift */ = {isa = PBXFileReference; lastKnownFileType = sourcecode.swift; path = ExploreView.swift; sourceTree = "<group>"; };
		1F344BA12C8B16EB000E1A74 /* ListingItemView.swift */ = {isa = PBXFileReference; lastKnownFileType = sourcecode.swift; path = ListingItemView.swift; sourceTree = "<group>"; };
		1F595E502C8C517700E0AD2F /* SearchAndFilterBar.swift */ = {isa = PBXFileReference; lastKnownFileType = sourcecode.swift; path = SearchAndFilterBar.swift; sourceTree = "<group>"; };
		1F595E522C8C57EE00E0AD2F /* ListingDetailView.swift */ = {isa = PBXFileReference; lastKnownFileType = sourcecode.swift; path = ListingDetailView.swift; sourceTree = "<group>"; };
		1F595E552C8C588000E0AD2F /* ListingImageCarouselView.swift */ = {isa = PBXFileReference; lastKnownFileType = sourcecode.swift; path = ListingImageCarouselView.swift; sourceTree = "<group>"; };
/* End PBXFileReference section */

/* Begin PBXFrameworksBuildPhase section */
		1F344B7F2C89D31F000E1A74 /* Frameworks */ = {
			isa = PBXFrameworksBuildPhase;
			buildActionMask = 2147483647;
			files = (
			);
			runOnlyForDeploymentPostprocessing = 0;
		};
/* End PBXFrameworksBuildPhase section */

/* Begin PBXGroup section */
		1F344B792C89D31F000E1A74 = {
			isa = PBXGroup;
			children = (
				1F344B842C89D31F000E1A74 /* AirbnbCloneApp */,
				1F344B832C89D31F000E1A74 /* Products */,
			);
			sourceTree = "<group>";
		};
		1F344B832C89D31F000E1A74 /* Products */ = {
			isa = PBXGroup;
			children = (
				1F344B822C89D31F000E1A74 /* AirbnbCloneApp.app */,
			);
			name = Products;
			sourceTree = "<group>";
		};
		1F344B842C89D31F000E1A74 /* AirbnbCloneApp */ = {
			isa = PBXGroup;
			children = (
				1F344B962C89D3AE000E1A74 /* App */,
				1F344B952C89D3A7000E1A74 /* Core */,
				1F344B942C89D39F000E1A74 /* Extensions */,
				1F344B932C89D39C000E1A74 /* Models */,
				1F344B972C89D413000E1A74 /* Utils */,
				1F344B872C89D31F000E1A74 /* ContentView.swift */,
				1F344B892C89D320000E1A74 /* Assets.xcassets */,
				1F344B8B2C89D320000E1A74 /* Preview Content */,
			);
			path = AirbnbCloneApp;
			sourceTree = "<group>";
		};
		1F344B8B2C89D320000E1A74 /* Preview Content */ = {
			isa = PBXGroup;
			children = (
				1F344B8C2C89D320000E1A74 /* Preview Assets.xcassets */,
			);
			path = "Preview Content";
			sourceTree = "<group>";
		};
		1F344B932C89D39C000E1A74 /* Models */ = {
			isa = PBXGroup;
			children = (
			);
			path = Models;
			sourceTree = "<group>";
		};
		1F344B942C89D39F000E1A74 /* Extensions */ = {
			isa = PBXGroup;
			children = (
			);
			path = Extensions;
			sourceTree = "<group>";
		};
		1F344B952C89D3A7000E1A74 /* Core */ = {
			isa = PBXGroup;
			children = (
				1F595E542C8C585000E0AD2F /* Components */,
				1F344B982C89D442000E1A74 /* Explore */,
				1F344B992C89D451000E1A74 /* Listings */,
				1F344B9A2C89D45D000E1A74 /* MapView */,
				1F344B9B2C89D468000E1A74 /* Profile */,
				1F344B9C2C89D472000E1A74 /* Root */,
				1F344B9D2C89D477000E1A74 /* TabBar */,
				1F344B9E2C89D487000E1A74 /* Wishlists */,
			);
			path = Core;
			sourceTree = "<group>";
		};
		1F344B962C89D3AE000E1A74 /* App */ = {
			isa = PBXGroup;
			children = (
				1F344B852C89D31F000E1A74 /* AirbnbCloneAppApp.swift */,
			);
			path = App;
			sourceTree = "<group>";
		};
		1F344B972C89D413000E1A74 /* Utils */ = {
			isa = PBXGroup;
			children = (
			);
			path = Utils;
			sourceTree = "<group>";
		};
		1F344B982C89D442000E1A74 /* Explore */ = {
			isa = PBXGroup;
			children = (
				1F344B9F2C89D511000E1A74 /* ExploreView.swift */,
				1F595E502C8C517700E0AD2F /* SearchAndFilterBar.swift */,
			);
			path = Explore;
			sourceTree = "<group>";
		};
		1F344B992C89D451000E1A74 /* Listings */ = {
			isa = PBXGroup;
			children = (
				1F344BA12C8B16EB000E1A74 /* ListingItemView.swift */,
				1F595E522C8C57EE00E0AD2F /* ListingDetailView.swift */,
			);
			path = Listings;
			sourceTree = "<group>";
		};
		1F344B9A2C89D45D000E1A74 /* MapView */ = {
			isa = PBXGroup;
			children = (
			);
			path = MapView;
			sourceTree = "<group>";
		};
		1F344B9B2C89D468000E1A74 /* Profile */ = {
			isa = PBXGroup;
			children = (
			);
			path = Profile;
			sourceTree = "<group>";
		};
		1F344B9C2C89D472000E1A74 /* Root */ = {
			isa = PBXGroup;
			children = (
			);
			path = Root;
			sourceTree = "<group>";
		};
		1F344B9D2C89D477000E1A74 /* TabBar */ = {
			isa = PBXGroup;
			children = (
			);
			path = TabBar;
			sourceTree = "<group>";
		};
		1F344B9E2C89D487000E1A74 /* Wishlists */ = {
			isa = PBXGroup;
			children = (
			);
			path = Wishlists;
			sourceTree = "<group>";
		};
		1F595E542C8C585000E0AD2F /* Components */ = {
			isa = PBXGroup;
			children = (
				1F595E552C8C588000E0AD2F /* ListingImageCarouselView.swift */,
			);
			path = Components;
			sourceTree = "<group>";
		};
/* End PBXGroup section */

/* Begin PBXNativeTarget section */
		1F344B812C89D31F000E1A74 /* AirbnbCloneApp */ = {
			isa = PBXNativeTarget;
			buildConfigurationList = 1F344B902C89D320000E1A74 /* Build configuration list for PBXNativeTarget "AirbnbCloneApp" */;
			buildPhases = (
				1F344B7E2C89D31F000E1A74 /* Sources */,
				1F344B7F2C89D31F000E1A74 /* Frameworks */,
				1F344B802C89D31F000E1A74 /* Resources */,
			);
			buildRules = (
			);
			dependencies = (
			);
			name = AirbnbCloneApp;
			productName = AirbnbCloneApp;
			productReference = 1F344B822C89D31F000E1A74 /* AirbnbCloneApp.app */;
			productType = "com.apple.product-type.application";
		};
/* End PBXNativeTarget section */

/* Begin PBXProject section */
		1F344B7A2C89D31F000E1A74 /* Project object */ = {
			isa = PBXProject;
			attributes = {
				BuildIndependentTargetsInParallel = 1;
				LastSwiftUpdateCheck = 1540;
				LastUpgradeCheck = 1540;
				TargetAttributes = {
					1F344B812C89D31F000E1A74 = {
						CreatedOnToolsVersion = 15.4;
					};
				};
			};
			buildConfigurationList = 1F344B7D2C89D31F000E1A74 /* Build configuration list for PBXProject "AirbnbCloneApp" */;
			compatibilityVersion = "Xcode 14.0";
			developmentRegion = en;
			hasScannedForEncodings = 0;
			knownRegions = (
				en,
				Base,
			);
			mainGroup = 1F344B792C89D31F000E1A74;
			productRefGroup = 1F344B832C89D31F000E1A74 /* Products */;
			projectDirPath = "";
			projectRoot = "";
			targets = (
				1F344B812C89D31F000E1A74 /* AirbnbCloneApp */,
			);
		};
/* End PBXProject section */

/* Begin PBXResourcesBuildPhase section */
		1F344B802C89D31F000E1A74 /* Resources */ = {
			isa = PBXResourcesBuildPhase;
			buildActionMask = 2147483647;
			files = (
				1F344B8D2C89D320000E1A74 /* Preview Assets.xcassets in Resources */,
				1F344B8A2C89D320000E1A74 /* Assets.xcassets in Resources */,
			);
			runOnlyForDeploymentPostprocessing = 0;
		};
/* End PBXResourcesBuildPhase section */

/* Begin PBXSourcesBuildPhase section */
		1F344B7E2C89D31F000E1A74 /* Sources */ = {
			isa = PBXSourcesBuildPhase;
			buildActionMask = 2147483647;
			files = (
				1F595E562C8C588000E0AD2F /* ListingImageCarouselView.swift in Sources */,
				1F344B882C89D31F000E1A74 /* ContentView.swift in Sources */,
				1F344BA22C8B16EB000E1A74 /* ListingItemView.swift in Sources */,
				1F344BA02C89D511000E1A74 /* ExploreView.swift in Sources */,
				1F595E512C8C517700E0AD2F /* SearchAndFilterBar.swift in Sources */,
				1F595E532C8C57EE00E0AD2F /* ListingDetailView.swift in Sources */,
				1F344B862C89D31F000E1A74 /* AirbnbCloneAppApp.swift in Sources */,
			);
			runOnlyForDeploymentPostprocessing = 0;
		};
/* End PBXSourcesBuildPhase section */

/* Begin XCBuildConfiguration section */
		1F344B8E2C89D320000E1A74 /* Debug */ = {
			isa = XCBuildConfiguration;
			buildSettings = {
				ALWAYS_SEARCH_USER_PATHS = NO;
				ASSETCATALOG_COMPILER_GENERATE_SWIFT_ASSET_SYMBOL_EXTENSIONS = YES;
				CLANG_ANALYZER_NONNULL = YES;
				CLANG_ANALYZER_NUMBER_OBJECT_CONVERSION = YES_AGGRESSIVE;
				CLANG_CXX_LANGUAGE_STANDARD = "gnu++20";
				CLANG_ENABLE_MODULES = YES;
				CLANG_ENABLE_OBJC_ARC = YES;
				CLANG_ENABLE_OBJC_WEAK = YES;
				CLANG_WARN_BLOCK_CAPTURE_AUTORELEASING = YES;
				CLANG_WARN_BOOL_CONVERSION = YES;
				CLANG_WARN_COMMA = YES;
				CLANG_WARN_CONSTANT_CONVERSION = YES;
				CLANG_WARN_DEPRECATED_OBJC_IMPLEMENTATIONS = YES;
				CLANG_WARN_DIRECT_OBJC_ISA_USAGE = YES_ERROR;
				CLANG_WARN_DOCUMENTATION_COMMENTS = YES;
				CLANG_WARN_EMPTY_BODY = YES;
				CLANG_WARN_ENUM_CONVERSION = YES;
				CLANG_WARN_INFINITE_RECURSION = YES;
				CLANG_WARN_INT_CONVERSION = YES;
				CLANG_WARN_NON_LITERAL_NULL_CONVERSION = YES;
				CLANG_WARN_OBJC_IMPLICIT_RETAIN_SELF = YES;
				CLANG_WARN_OBJC_LITERAL_CONVERSION = YES;
				CLANG_WARN_OBJC_ROOT_CLASS = YES_ERROR;
				CLANG_WARN_QUOTED_INCLUDE_IN_FRAMEWORK_HEADER = YES;
				CLANG_WARN_RANGE_LOOP_ANALYSIS = YES;
				CLANG_WARN_STRICT_PROTOTYPES = YES;
				CLANG_WARN_SUSPICIOUS_MOVE = YES;
				CLANG_WARN_UNGUARDED_AVAILABILITY = YES_AGGRESSIVE;
				CLANG_WARN_UNREACHABLE_CODE = YES;
				CLANG_WARN__DUPLICATE_METHOD_MATCH = YES;
				COPY_PHASE_STRIP = NO;
				DEBUG_INFORMATION_FORMAT = dwarf;
				ENABLE_STRICT_OBJC_MSGSEND = YES;
				ENABLE_TESTABILITY = YES;
				ENABLE_USER_SCRIPT_SANDBOXING = YES;
				GCC_C_LANGUAGE_STANDARD = gnu17;
				GCC_DYNAMIC_NO_PIC = NO;
				GCC_NO_COMMON_BLOCKS = YES;
				GCC_OPTIMIZATION_LEVEL = 0;
				GCC_PREPROCESSOR_DEFINITIONS = (
					"DEBUG=1",
					"$(inherited)",
				);
				GCC_WARN_64_TO_32_BIT_CONVERSION = YES;
				GCC_WARN_ABOUT_RETURN_TYPE = YES_ERROR;
				GCC_WARN_UNDECLARED_SELECTOR = YES;
				GCC_WARN_UNINITIALIZED_AUTOS = YES_AGGRESSIVE;
				GCC_WARN_UNUSED_FUNCTION = YES;
				GCC_WARN_UNUSED_VARIABLE = YES;
				IPHONEOS_DEPLOYMENT_TARGET = 17.5;
				LOCALIZATION_PREFERS_STRING_CATALOGS = YES;
				MTL_ENABLE_DEBUG_INFO = INCLUDE_SOURCE;
				MTL_FAST_MATH = YES;
				ONLY_ACTIVE_ARCH = YES;
				SDKROOT = iphoneos;
				SWIFT_ACTIVE_COMPILATION_CONDITIONS = "DEBUG $(inherited)";
				SWIFT_OPTIMIZATION_LEVEL = "-Onone";
			};
			name = Debug;
		};
		1F344B8F2C89D320000E1A74 /* Release */ = {
			isa = XCBuildConfiguration;
			buildSettings = {
				ALWAYS_SEARCH_USER_PATHS = NO;
				ASSETCATALOG_COMPILER_GENERATE_SWIFT_ASSET_SYMBOL_EXTENSIONS = YES;
				CLANG_ANALYZER_NONNULL = YES;
				CLANG_ANALYZER_NUMBER_OBJECT_CONVERSION = YES_AGGRESSIVE;
				CLANG_CXX_LANGUAGE_STANDARD = "gnu++20";
				CLANG_ENABLE_MODULES = YES;
				CLANG_ENABLE_OBJC_ARC = YES;
				CLANG_ENABLE_OBJC_WEAK = YES;
				CLANG_WARN_BLOCK_CAPTURE_AUTORELEASING = YES;
				CLANG_WARN_BOOL_CONVERSION = YES;
				CLANG_WARN_COMMA = YES;
				CLANG_WARN_CONSTANT_CONVERSION = YES;
				CLANG_WARN_DEPRECATED_OBJC_IMPLEMENTATIONS = YES;
				CLANG_WARN_DIRECT_OBJC_ISA_USAGE = YES_ERROR;
				CLANG_WARN_DOCUMENTATION_COMMENTS = YES;
				CLANG_WARN_EMPTY_BODY = YES;
				CLANG_WARN_ENUM_CONVERSION = YES;
				CLANG_WARN_INFINITE_RECURSION = YES;
				CLANG_WARN_INT_CONVERSION = YES;
				CLANG_WARN_NON_LITERAL_NULL_CONVERSION = YES;
				CLANG_WARN_OBJC_IMPLICIT_RETAIN_SELF = YES;
				CLANG_WARN_OBJC_LITERAL_CONVERSION = YES;
				CLANG_WARN_OBJC_ROOT_CLASS = YES_ERROR;
				CLANG_WARN_QUOTED_INCLUDE_IN_FRAMEWORK_HEADER = YES;
				CLANG_WARN_RANGE_LOOP_ANALYSIS = YES;
				CLANG_WARN_STRICT_PROTOTYPES = YES;
				CLANG_WARN_SUSPICIOUS_MOVE = YES;
				CLANG_WARN_UNGUARDED_AVAILABILITY = YES_AGGRESSIVE;
				CLANG_WARN_UNREACHABLE_CODE = YES;
				CLANG_WARN__DUPLICATE_METHOD_MATCH = YES;
				COPY_PHASE_STRIP = NO;
				DEBUG_INFORMATION_FORMAT = "dwarf-with-dsym";
				ENABLE_NS_ASSERTIONS = NO;
				ENABLE_STRICT_OBJC_MSGSEND = YES;
				ENABLE_USER_SCRIPT_SANDBOXING = YES;
				GCC_C_LANGUAGE_STANDARD = gnu17;
				GCC_NO_COMMON_BLOCKS = YES;
				GCC_WARN_64_TO_32_BIT_CONVERSION = YES;
				GCC_WARN_ABOUT_RETURN_TYPE = YES_ERROR;
				GCC_WARN_UNDECLARED_SELECTOR = YES;
				GCC_WARN_UNINITIALIZED_AUTOS = YES_AGGRESSIVE;
				GCC_WARN_UNUSED_FUNCTION = YES;
				GCC_WARN_UNUSED_VARIABLE = YES;
				IPHONEOS_DEPLOYMENT_TARGET = 17.5;
				LOCALIZATION_PREFERS_STRING_CATALOGS = YES;
				MTL_ENABLE_DEBUG_INFO = NO;
				MTL_FAST_MATH = YES;
				SDKROOT = iphoneos;
				SWIFT_COMPILATION_MODE = wholemodule;
				VALIDATE_PRODUCT = YES;
			};
			name = Release;
		};
		1F344B912C89D320000E1A74 /* Debug */ = {
			isa = XCBuildConfiguration;
			buildSettings = {
				ASSETCATALOG_COMPILER_APPICON_NAME = AppIcon;
				ASSETCATALOG_COMPILER_GLOBAL_ACCENT_COLOR_NAME = AccentColor;
				CODE_SIGN_STYLE = Automatic;
				CURRENT_PROJECT_VERSION = 1;
				DEVELOPMENT_ASSET_PATHS = "\"AirbnbCloneApp/Preview Content\"";
				DEVELOPMENT_TEAM = Q525VM2ADX;
				ENABLE_PREVIEWS = YES;
				GENERATE_INFOPLIST_FILE = YES;
				INFOPLIST_KEY_UIApplicationSceneManifest_Generation = YES;
				INFOPLIST_KEY_UIApplicationSupportsIndirectInputEvents = YES;
				INFOPLIST_KEY_UILaunchScreen_Generation = YES;
				INFOPLIST_KEY_UISupportedInterfaceOrientations_iPad = "UIInterfaceOrientationPortrait UIInterfaceOrientationPortraitUpsideDown UIInterfaceOrientationLandscapeLeft UIInterfaceOrientationLandscapeRight";
				INFOPLIST_KEY_UISupportedInterfaceOrientations_iPhone = "UIInterfaceOrientationPortrait UIInterfaceOrientationLandscapeLeft UIInterfaceOrientationLandscapeRight";
				LD_RUNPATH_SEARCH_PATHS = (
					"$(inherited)",
					"@executable_path/Frameworks",
				);
				MARKETING_VERSION = 1.0;
				PRODUCT_BUNDLE_IDENTIFIER = kadiryildiz.AirbnbCloneApp;
				PRODUCT_NAME = "$(TARGET_NAME)";
				SWIFT_EMIT_LOC_STRINGS = YES;
				SWIFT_VERSION = 5.0;
				TARGETED_DEVICE_FAMILY = "1,2";
			};
			name = Debug;
		};
		1F344B922C89D320000E1A74 /* Release */ = {
			isa = XCBuildConfiguration;
			buildSettings = {
				ASSETCATALOG_COMPILER_APPICON_NAME = AppIcon;
				ASSETCATALOG_COMPILER_GLOBAL_ACCENT_COLOR_NAME = AccentColor;
				CODE_SIGN_STYLE = Automatic;
				CURRENT_PROJECT_VERSION = 1;
				DEVELOPMENT_ASSET_PATHS = "\"AirbnbCloneApp/Preview Content\"";
				DEVELOPMENT_TEAM = Q525VM2ADX;
				ENABLE_PREVIEWS = YES;
				GENERATE_INFOPLIST_FILE = YES;
				INFOPLIST_KEY_UIApplicationSceneManifest_Generation = YES;
				INFOPLIST_KEY_UIApplicationSupportsIndirectInputEvents = YES;
				INFOPLIST_KEY_UILaunchScreen_Generation = YES;
				INFOPLIST_KEY_UISupportedInterfaceOrientations_iPad = "UIInterfaceOrientationPortrait UIInterfaceOrientationPortraitUpsideDown UIInterfaceOrientationLandscapeLeft UIInterfaceOrientationLandscapeRight";
				INFOPLIST_KEY_UISupportedInterfaceOrientations_iPhone = "UIInterfaceOrientationPortrait UIInterfaceOrientationLandscapeLeft UIInterfaceOrientationLandscapeRight";
				LD_RUNPATH_SEARCH_PATHS = (
					"$(inherited)",
					"@executable_path/Frameworks",
				);
				MARKETING_VERSION = 1.0;
				PRODUCT_BUNDLE_IDENTIFIER = kadiryildiz.AirbnbCloneApp;
				PRODUCT_NAME = "$(TARGET_NAME)";
				SWIFT_EMIT_LOC_STRINGS = YES;
				SWIFT_VERSION = 5.0;
				TARGETED_DEVICE_FAMILY = "1,2";
			};
			name = Release;
		};
/* End XCBuildConfiguration section */

/* Begin XCConfigurationList section */
		1F344B7D2C89D31F000E1A74 /* Build configuration list for PBXProject "AirbnbCloneApp" */ = {
			isa = XCConfigurationList;
			buildConfigurations = (
				1F344B8E2C89D320000E1A74 /* Debug */,
				1F344B8F2C89D320000E1A74 /* Release */,
			);
			defaultConfigurationIsVisible = 0;
			defaultConfigurationName = Release;
		};
		1F344B902C89D320000E1A74 /* Build configuration list for PBXNativeTarget "AirbnbCloneApp" */ = {
			isa = XCConfigurationList;
			buildConfigurations = (
				1F344B912C89D320000E1A74 /* Debug */,
				1F344B922C89D320000E1A74 /* Release */,
			);
			defaultConfigurationIsVisible = 0;
			defaultConfigurationName = Release;
		};
/* End XCConfigurationList section */
	};
	rootObject = 1F344B7A2C89D31F000E1A74 /* Project object */;
}
